<Solution>
  <Project Path="hw_1/hw_1.csproj" />
  <Project Path="hw_10/hw_10.csproj" Id="310fed5e-8754-4ea0-9ebc-327cbac7bc73" />
  <Project Path="hw_11/hw_11.csproj" Id="fdf88757-2e63-4db3-8e8e-c55c85f037ba" />
  <Project Path="hw_13/hw_13.csproj" Id="ae11498e-8780-4de9-862a-3a61b2407c35" />
  <Project Path="hw_15/hw_15.csproj" Id="9c4efdee-849e-4714-8c98-00f41784c6a7" />
  <Project Path="hw_16/hw_16.csproj" Id="145f13fa-8f7f-41f3-b6a8-ad31d0c6c0ff" />
  <Project Path="hw_3/hw_3.csproj" Id="64033549-004a-4049-89be-43f6730a88f5" />
  <Project Path="hw_4/hw_4.csproj" Id="3a866f3f-7711-4cb2-89c9-83bdee8d36c4" />
  <Project Path="hw_5/hw_5.csproj" Id="c64701e2-af33-4a4e-999b-ed556669a907" />
  <Project Path="hw_6/hw_6.csproj" Id="66eade02-831e-459d-a007-2b1dd17702eb" />
  <Project Path="hw_7/hw_7.csproj" Id="633f1177-88d3-4da5-89c4-2ddd30d8e814" />
  <Project Path="hw_8/hw_8.csproj" Id="934a2ec7-d2cf-4279-8d5a-6af53c33968b" />
  <Project Path="hw_9/hw_9.csproj" Id="fd048a37-fc4f-4654-9df0-0693b0092c1f" />
  <Project Path="lec11_classwork/lec11_classwork.csproj" Id="805d3249-2805-4a99-b0d0-417d8607d2f1" />
  <Project Path="lec12_classwork/lec12_classwork.csproj" Id="7adce40b-c64f-4cd9-865a-c15be743ace9" />
  <Project Path="lec5_classwork/lec5_classwork.csproj" Id="c46c5acf-4f8b-4329-abfb-155091804121" />
  <Project Path="lec8_classwork/lec8_classwork.csproj" Id="89e4d331-d143-4bc7-9690-86b0f987b0dd" />
</Solution>
