<Solution>
  <Project Path="hw_1/hw_1.csproj" />
  <Project Path="hw_3/hw_3.csproj" Id="64033549-004a-4049-89be-43f6730a88f5" />
  <Project Path="hw_4/hw_4.csproj" Id="3a866f3f-7711-4cb2-89c9-83bdee8d36c4" />
  <Project Path="hw_5/hw_5.csproj" Id="c64701e2-af33-4a4e-999b-ed556669a907" />
  <Project Path="hw_6/hw_6.csproj" Id="66eade02-831e-459d-a007-2b1dd17702eb" />
  <Project Path="hw_7/hw_7.csproj" Id="633f1177-88d3-4da5-89c4-2ddd30d8e814" />
  <Project Path="lec5_classwork/lec5_classwork.csproj" Id="c46c5acf-4f8b-4329-abfb-155091804121" />
</Solution>
